
Microsoft Visual Studio Solution File, Format Version 12.00
# Visual Studio Version 17
VisualStudioVersion = 17.11.35208.52
MinimumVisualStudioVersion = 10.0.40219.1
Project("{FAE04EC0-301F-11D3-BF4B-00C04F79EFBC}") = "tron_blockchain_token_parsing", "tron_blockchain_token_parsing.csproj", "{DB526FE5-B909-47A0-B5BA-6D0E4137F83F}"
EndProject
Global
	GlobalSection(SolutionConfigurationPlatforms) = preSolution
		Debug|Any CPU = Debug|Any CPU
		Release|Any CPU = Release|Any CPU
	EndGlobalSection
	GlobalSection(ProjectConfigurationPlatforms) = postSolution
		{DB526FE5-B909-47A0-B5BA-6D0E4137F83F}.Debug|Any CPU.ActiveCfg = Debug|Any CPU
		{DB526FE5-B909-47A0-B5BA-6D0E4137F83F}.Debug|Any CPU.Build.0 = Debug|Any CPU
		{DB526FE5-B909-47A0-B5BA-6D0E4137F83F}.Release|Any CPU.ActiveCfg = Release|Any CPU
		{DB526FE5-B909-47A0-B5BA-6D0E4137F83F}.Release|Any CPU.Build.0 = Release|Any CPU
	EndGlobalSection
	GlobalSection(SolutionProperties) = preSolution
		HideSolutionNode = FALSE
	EndGlobalSection
	GlobalSection(ExtensibilityGlobals) = postSolution
		SolutionGuid = {1C46691A-7178-4715-AC38-044C224826E0}
	EndGlobalSection
EndGlobal
